version = 1
requires-python = ">=3.10"

[[package]]
name = "coolname"
version = "2.2.0"
source = { registry = "https://pypi.org/simple" }
sdist = { url = "https://files.pythonhosted.org/packages/c5/c6/1eaa4495ff4640e80d9af64f540e427ba1596a20f735d4c4750fe0386d07/coolname-2.2.0.tar.gz", hash = "sha256:6c5d5731759104479e7ca195a9b64f7900ac5bead40183c09323c7d0be9e75c7", size = 59006 }
wheels = [
    { url = "https://files.pythonhosted.org/packages/1b/b1/5745d7523d8ce53b87779f46ef6cf5c5c342997939c2fe967e607b944e43/coolname-2.2.0-py2.py3-none-any.whl", hash = "sha256:4d1563186cfaf71b394d5df4c744f8c41303b6846413645e31d31915cdeb13e8", size = 37849 },
]

[[package]]
name = "crafting-process"
version = "0.1.0"
source = { virtual = "." }
dependencies = [
    { name = "coolname" },
    { name = "cytoolz" },
    { name = "formal-vector" },
    { name = "numpy" },
    { name = "scipy" },
]

[package.metadata]
requires-dist = [
    { name = "coolname", specifier = ">=2.2.0" },
    { name = "cytoolz", specifier = ">=1.0.0" },
    { name = "formal-vector", editable = "../formal-vector" },
    { name = "numpy", specifier = ">=2.1.3" },
    { name = "scipy", specifier = ">=1.14.1" },
]

[[package]]
name = "cytoolz"
version = "1.0.0"
source = { registry = "https://pypi.org/simple" }
dependencies = [
    { name = "toolz" },
]
sdist = { url = "https://files.pythonhosted.org/packages/e2/4c/ca9b05bdfa28ddbb4a5365c27021a1d4be61db7d8f6b4e5d4e76aa4ba3b7/cytoolz-1.0.0.tar.gz", hash = "sha256:eb453b30182152f9917a5189b7d99046b6ce90cdf8aeb0feff4b2683e600defd", size = 626708 }
wheels = [
    { url = "https://files.pythonhosted.org/packages/4b/77/2afed35b93fdc38c4565ae79aca6b6149d0ea2fc4eeeca9b0adf9da04b9e/cytoolz-1.0.0-cp310-cp310-macosx_10_9_x86_64.whl", hash = "sha256:ecf5a887acb8f079ab1b81612b1c889bcbe6611aa7804fd2df46ed310aa5a345", size = 403505 },
    { url = "https://files.pythonhosted.org/packages/a8/dc/6b5af6932b656213883557dcc6b1f843ec302dc02fec4b75bf1356b938f9/cytoolz-1.0.0-cp310-cp310-macosx_11_0_arm64.whl", hash = "sha256:ef0ef30c1e091d4d59d14d8108a16d50bd227be5d52a47da891da5019ac2f8e4", size = 383918 },
    { url = "https://files.pythonhosted.org/packages/2e/8c/d42dc240cda418b8241541c240c4696cf99475141c4d58fbe89b8c39bac1/cytoolz-1.0.0-cp310-cp310-manylinux_2_17_aarch64.manylinux2014_aarch64.whl", hash = "sha256:7df2dfd679f0517a96ced1cdd22f5c6c6aeeed28d928a82a02bf4c3fd6fd7ac4", size = 1934558 },
    { url = "https://files.pythonhosted.org/packages/ff/74/af7863cc407ebf535aec9adf0cb72bbac2f036ec2550726d4d8ab00eb41c/cytoolz-1.0.0-cp310-cp310-manylinux_2_17_ppc64le.manylinux2014_ppc64le.whl", hash = "sha256:8c51452c938e610f57551aa96e34924169c9100c0448bac88c2fb395cbd3538c", size = 2015123 },
    { url = "https://files.pythonhosted.org/packages/01/98/83a0d9051e56e0b26a290439bd15b696c431c91d1dca384370cf9b23f04a/cytoolz-1.0.0-cp310-cp310-manylinux_2_17_s390x.manylinux2014_s390x.whl", hash = "sha256:6433f03910c5e5345d82d6299457c26bf33821224ebb837c6b09d9cdbc414a6c", size = 2000496 },
    { url = "https://files.pythonhosted.org/packages/d1/2d/ea68ba5d9c07f5d6cdb8ef85ec92f1a573deaad998807d035d2ef71aeb00/cytoolz-1.0.0-cp310-cp310-manylinux_2_17_x86_64.manylinux2014_x86_64.whl", hash = "sha256:389ec328bb535f09e71dfe658bf0041f17194ca4cedaacd39bafe7893497a819", size = 1957529 },
    { url = "https://files.pythonhosted.org/packages/7d/f3/e5b6b7128412bcb8d58c5cbd5a785befdc2c633502653937be41a54b2037/cytoolz-1.0.0-cp310-cp310-manylinux_2_5_i686.manylinux1_i686.manylinux_2_17_i686.manylinux2014_i686.whl", hash = "sha256:c64658e1209517ce4b54c1c9269a508b289d8d55fc742760e4b8579eacf09a33", size = 1863322 },
    { url = "https://files.pythonhosted.org/packages/ee/ff/534c227de78e9c45c6e764b46830640f73390b7fe5dd39556cd4de4fd3b8/cytoolz-1.0.0-cp310-cp310-musllinux_1_2_aarch64.whl", hash = "sha256:f6039a9bd5bb988762458b9ca82b39e60ca5e5baae2ba93913990dcc5d19fa88", size = 1849933 },
    { url = "https://files.pythonhosted.org/packages/ef/a9/7a51c084ceba8809f18aacb0bae86caf02aa5d5ebe5d5465819228a690d0/cytoolz-1.0.0-cp310-cp310-musllinux_1_2_i686.whl", hash = "sha256:85c9c8c4465ed1b2c8d67003809aec9627b129cb531d2f6cf0bbfe39952e7e4d", size = 1852341 },
    { url = "https://files.pythonhosted.org/packages/ae/01/9b00fa8956c6b76ffd72fc896b2ba4e06165d7f90e03cf4ff253a4282d01/cytoolz-1.0.0-cp310-cp310-musllinux_1_2_ppc64le.whl", hash = "sha256:49375aad431d76650f94877afb92f09f58b6ff9055079ef4f2cd55313f5a1b39", size = 1989871 },
    { url = "https://files.pythonhosted.org/packages/30/5a/3857a60ce3083d083fffcac13938ae045d22ee0a55f88b83a22443132e5d/cytoolz-1.0.0-cp310-cp310-musllinux_1_2_s390x.whl", hash = "sha256:4c45106171c824a61e755355520b646cb35a1987b34bbf5789443823ee137f63", size = 1994484 },
    { url = "https://files.pythonhosted.org/packages/6c/3d/8585a635ebeba67f234f7779926519fda732399dd875b7cdff2cb2a3bff7/cytoolz-1.0.0-cp310-cp310-musllinux_1_2_x86_64.whl", hash = "sha256:3b319a7f0fed5db07d189db4046162ebc183c108df3562a65ba6ebe862d1f634", size = 1896072 },
    { url = "https://files.pythonhosted.org/packages/4c/3f/9f208381c12d2c8437ea09eef56f12c6f44af74ef5bc7546ca4fb099979e/cytoolz-1.0.0-cp310-cp310-win32.whl", hash = "sha256:9770e1b09748ad0d751853d994991e2592a9f8c464a87014365f80dac2e83faa", size = 322319 },
    { url = "https://files.pythonhosted.org/packages/d7/95/cbc120ba4f70f874481f6ec650d26c265db1645fb5285a81e589d5831073/cytoolz-1.0.0-cp310-cp310-win_amd64.whl", hash = "sha256:20194dd02954c00c1f0755e636be75a20781f91a4ac9270c7f747e82d3c7f5a5", size = 363803 },
    { url = "https://files.pythonhosted.org/packages/bc/99/b489081777ad02c9bba294c757583416d0bdbd9403017145aba68145c16f/cytoolz-1.0.0-cp311-cp311-macosx_10_9_x86_64.whl", hash = "sha256:dffc22fd2c91be64dbdbc462d0786f8e8ac9a275cfa1869a1084d1867d4f67e0", size = 406148 },
    { url = "https://files.pythonhosted.org/packages/b2/d3/a4d58bf89924dbca34e8dbb643b26935e08c16b4a2ee255d43a8b7489939/cytoolz-1.0.0-cp311-cp311-macosx_11_0_arm64.whl", hash = "sha256:a99e7e29274e293f4ffe20e07f76c2ac753a78f1b40c1828dfc54b2981b2f6c4", size = 384956 },
    { url = "https://files.pythonhosted.org/packages/81/d4/4d09e6571ef3b143f668c590a7a00c97ff24e6df6901f457ea7c782cd2ba/cytoolz-1.0.0-cp311-cp311-manylinux_2_17_aarch64.manylinux2014_aarch64.whl", hash = "sha256:c507a3e0a45c41d66b43f96797290d75d1e7a8549aa03a4a6b8854fdf3f7b8d8", size = 2091688 },
    { url = "https://files.pythonhosted.org/packages/8d/7b/68c89bed2e0490e9b946574c3bc79711179f35b1dc5eb31046c535f1bed2/cytoolz-1.0.0-cp311-cp311-manylinux_2_17_ppc64le.manylinux2014_ppc64le.whl", hash = "sha256:643a593ec272ef7429099e1182a22f64ec2696c00d295d2a5be390db1b7ff176", size = 2188448 },
    { url = "https://files.pythonhosted.org/packages/56/a3/4e536fc7b72fd7495e19180463e8160a4fe1d50ab59a5854fc596621d5c3/cytoolz-1.0.0-cp311-cp311-manylinux_2_17_s390x.manylinux2014_s390x.whl", hash = "sha256:6ce38e2e42cbae30446190c59b92a8a9029e1806fd79eaf88f48b0fe33003893", size = 2174196 },
    { url = "https://files.pythonhosted.org/packages/5a/7f/0451778af9e22755a95ef4400ee7fc6e41387521ab0f17699593cb07169a/cytoolz-1.0.0-cp311-cp311-manylinux_2_17_x86_64.manylinux2014_x86_64.whl", hash = "sha256:810a6a168b8c5ecb412fbae3dd6f7ed6c6253a63caf4174ee9794ebd29b2224f", size = 2099823 },
    { url = "https://files.pythonhosted.org/packages/58/b7/8ffdef1ac8f74b0cc650b9d4a74d93d911a7e20fcf7cc0abac0f4bce225f/cytoolz-1.0.0-cp311-cp311-manylinux_2_5_i686.manylinux1_i686.manylinux_2_17_i686.manylinux2014_i686.whl", hash = "sha256:0ce8a2a85c0741c1b19b16e6782c4a5abc54c3caecda66793447112ab2fa9884", size = 1996733 },
    { url = "https://files.pythonhosted.org/packages/1c/ab/9c694c883f3038d167b797cc55c64c2bdb64146428000cea15f235f30a0f/cytoolz-1.0.0-cp311-cp311-musllinux_1_2_aarch64.whl", hash = "sha256:ea4ac72e6b830861035c4c7999af8e55813f57c6d1913a3d93cc4a6babc27bf7", size = 2013725 },
    { url = "https://files.pythonhosted.org/packages/6c/df/859faaee91c795dc969c79cd38159031f373828d44b0b18999feb7d9a44d/cytoolz-1.0.0-cp311-cp311-musllinux_1_2_i686.whl", hash = "sha256:a09cdfb21dfb38aa04df43e7546a41f673377eb5485da88ceb784e327ec7603b", size = 1994851 },
    { url = "https://files.pythonhosted.org/packages/34/2a/26ac5a34e859c5ba32351f5a74492f4ed12e7a7e75b6afccf11c4100aa70/cytoolz-1.0.0-cp311-cp311-musllinux_1_2_ppc64le.whl", hash = "sha256:658dd85deb375ff7af990a674e5c9058cef1c9d1f5dc89bc87b77be499348144", size = 2155343 },
    { url = "https://files.pythonhosted.org/packages/3d/41/f687d2e40407b29bfcce36a7d456dad368283ea543aa39da53bcc119974e/cytoolz-1.0.0-cp311-cp311-musllinux_1_2_s390x.whl", hash = "sha256:9715d1ff5576919d10b68f17241375f6a1eec8961c25b78a83e6ef1487053f39", size = 2163507 },
    { url = "https://files.pythonhosted.org/packages/39/7c/70d529f909d97ea214d59923c19e3d05a3768fe8e2066542b72550a31ca4/cytoolz-1.0.0-cp311-cp311-musllinux_1_2_x86_64.whl", hash = "sha256:f370a1f1f1afc5c1c8cc5edc1cfe0ba444263a0772af7ce094be8e734f41769d", size = 2054428 },
    { url = "https://files.pythonhosted.org/packages/5a/4a/7bb2eafe4077f6d9867547ca74ca4b75bc8a081e32a47e186e5c067f6cab/cytoolz-1.0.0-cp311-cp311-win32.whl", hash = "sha256:dbb2ec1177dca700f3db2127e572da20de280c214fc587b2a11c717fc421af56", size = 322300 },
    { url = "https://files.pythonhosted.org/packages/5a/ed/a1c955444343224ab1317a41f6575bc640055eb2495e8f9175f8f28bd776/cytoolz-1.0.0-cp311-cp311-win_amd64.whl", hash = "sha256:0983eee73df86e54bb4a79fcc4996aa8b8368fdbf43897f02f9c3bf39c4dc4fb", size = 365539 },
    { url = "https://files.pythonhosted.org/packages/28/2e/a8b71f74ee75f33164bfbc6324ddd1e8d0f425255b1c930141516f51d539/cytoolz-1.0.0-cp312-cp312-macosx_10_13_x86_64.whl", hash = "sha256:10e3986066dc379e30e225b230754d9f5996aa8d84c2accc69c473c21d261e46", size = 414110 },
    { url = "https://files.pythonhosted.org/packages/c6/0a/999af6bb896375b0c687e292a3dcd4edb338a2764bbac40c0ce11eb21c64/cytoolz-1.0.0-cp312-cp312-macosx_11_0_arm64.whl", hash = "sha256:16576f1bb143ee2cb9f719fcc4b845879fb121f9075c7c5e8a5ff4854bd02fc6", size = 390900 },
    { url = "https://files.pythonhosted.org/packages/30/04/02f0ee5339f8c6ef785f06caee85e17e8e0b406e7e553c8fd99a55ff8390/cytoolz-1.0.0-cp312-cp312-manylinux_2_17_aarch64.manylinux2014_aarch64.whl", hash = "sha256:3faa25a1840b984315e8b3ae517312375f4273ffc9a2f035f548b7f916884f37", size = 2090729 },
    { url = "https://files.pythonhosted.org/packages/04/de/296ded5f81ada90ae4db8c06cc34b142cf6c51fabb4c3c78583abba91c36/cytoolz-1.0.0-cp312-cp312-manylinux_2_17_ppc64le.manylinux2014_ppc64le.whl", hash = "sha256:781fce70a277b20fd95dc66811d1a97bb07b611ceea9bda8b7dd3c6a4b05d59a", size = 2155926 },
    { url = "https://files.pythonhosted.org/packages/cc/ce/d5782bdd3d2fd16d87e83e70e14fcfa65ba67ba21cf7e1007505baef7d79/cytoolz-1.0.0-cp312-cp312-manylinux_2_17_s390x.manylinux2014_s390x.whl", hash = "sha256:7a562c25338eb24d419d1e80a7ae12133844ce6fdeb4ab54459daf250088a1b2", size = 2171893 },
    { url = "https://files.pythonhosted.org/packages/d0/02/22a8c74ff13f8a08e8cacd0a0aa34da3a6e3637cf477e376efc61f7567e5/cytoolz-1.0.0-cp312-cp312-manylinux_2_17_x86_64.manylinux2014_x86_64.whl", hash = "sha256:f29d8330aaf070304f7cd5cb7e73e198753624eb0aec278557cccd460c699b5b", size = 2125265 },
    { url = "https://files.pythonhosted.org/packages/50/d1/a3f2e2ced1fa7e2b5607d05ed4de9951491004a4804e96f78778d11bebd4/cytoolz-1.0.0-cp312-cp312-manylinux_2_5_i686.manylinux1_i686.manylinux_2_17_i686.manylinux2014_i686.whl", hash = "sha256:98a96c54aa55ed9c7cdb23c2f0df39a7b4ee518ac54888480b5bdb5ef69c7ef0", size = 1973962 },
    { url = "https://files.pythonhosted.org/packages/3e/10/174d9585e1011824e2e6e79380f8b1c6e49070c35a278d823d996d1c11e6/cytoolz-1.0.0-cp312-cp312-musllinux_1_2_aarch64.whl", hash = "sha256:287d6d7f475882c2ddcbedf8da9a9b37d85b77690779a2d1cdceb5ae3998d52e", size = 2021691 },
    { url = "https://files.pythonhosted.org/packages/84/aa/bebdca3ae140698d3d4fe75ffd4c87a15ee999cee6b994e0831e5a24cdd7/cytoolz-1.0.0-cp312-cp312-musllinux_1_2_i686.whl", hash = "sha256:05a871688df749b982839239fcd3f8ec3b3b4853775d575ff9cd335fa7c75035", size = 2010169 },
    { url = "https://files.pythonhosted.org/packages/2e/9f/8d5940c953534a4d2ae4419bb4fdc1eb5559345fed1f4838708073d7e6b4/cytoolz-1.0.0-cp312-cp312-musllinux_1_2_ppc64le.whl", hash = "sha256:28bb88e1e2f7d6d4b8e0890b06d292c568984d717de3e8381f2ca1dd12af6470", size = 2154314 },
    { url = "https://files.pythonhosted.org/packages/84/bf/a5414601c95afde30a0c038c5d6273c188f1da8ff25a057bd0c683679e5c/cytoolz-1.0.0-cp312-cp312-musllinux_1_2_s390x.whl", hash = "sha256:576a4f1fc73d8836b10458b583f915849da6e4f7914f4ecb623ad95c2508cad5", size = 2188368 },
    { url = "https://files.pythonhosted.org/packages/67/fe/990ea30d56b9b6602f3bf4af77a1bfd9233e6ffb761b11b8864619fed508/cytoolz-1.0.0-cp312-cp312-musllinux_1_2_x86_64.whl", hash = "sha256:509ed3799c47e4ada14f63e41e8f540ac6e2dab97d5d7298934e6abb9d3830ec", size = 2077906 },
    { url = "https://files.pythonhosted.org/packages/ab/95/94b936501e1e23460732631e5d7c6efc4f6c09df21a594dfca9bf30b9411/cytoolz-1.0.0-cp312-cp312-win32.whl", hash = "sha256:9ce25f02b910630f6dc2540dd1e26c9326027ddde6c59f8cab07c56acc70714c", size = 322445 },
    { url = "https://files.pythonhosted.org/packages/be/04/a49b73591b132be5a28c0670229629a3c002cfac59582a1d38b16bdc6fed/cytoolz-1.0.0-cp312-cp312-win_amd64.whl", hash = "sha256:7e53cfcce87e05b7f0ae2fb2b3e5820048cd0bb7b701e92bd8f75c9fbb7c9ae9", size = 364595 },
    { url = "https://files.pythonhosted.org/packages/16/7c/8b9fc006925b08579ae35293ad7d14fea4ee94edf1efaaa17e1bdde85b9a/cytoolz-1.0.0-pp310-pypy310_pp73-macosx_10_15_x86_64.whl", hash = "sha256:e672712d5dc3094afc6fb346dd4e9c18c1f3c69608ddb8cf3b9f8428f9c26a5c", size = 345694 },
    { url = "https://files.pythonhosted.org/packages/76/d1/159cc7c0c86d6fb8177be437dd6112d90c7f40ef0ceda2102472242b0ccf/cytoolz-1.0.0-pp310-pypy310_pp73-manylinux_2_17_aarch64.manylinux2014_aarch64.whl", hash = "sha256:86fb208bfb7420e1d0d20065d661310e4a8a6884851d4044f47d37ed4cd7410e", size = 385691 },
    { url = "https://files.pythonhosted.org/packages/43/99/21361970f2d7cce241f116d84e8f5c21f1440414be96d0c8cad7832d35cb/cytoolz-1.0.0-pp310-pypy310_pp73-manylinux_2_5_i686.manylinux1_i686.manylinux_2_17_i686.manylinux2014_i686.whl", hash = "sha256:6dbe5fe3b835859fc559eb59bf2775b5a108f7f2cfab0966f3202859d787d8fd", size = 406251 },
    { url = "https://files.pythonhosted.org/packages/d8/98/bc3d6eadb495de0d48c4d738e5ee6f011d8adbf6a3fcc1f7c17d05bc49d3/cytoolz-1.0.0-pp310-pypy310_pp73-manylinux_2_5_x86_64.manylinux1_x86_64.manylinux_2_17_x86_64.manylinux2014_x86_64.whl", hash = "sha256:0cace092dfda174eed09ed871793beb5b65633963bcda5b1632c73a5aceea1ce", size = 397203 },
    { url = "https://files.pythonhosted.org/packages/91/b1/df1ed78f08abe8781376bd197532e6e4b38bb3595dd82f6a2b8751407a52/cytoolz-1.0.0-pp310-pypy310_pp73-win_amd64.whl", hash = "sha256:f7a9d816af3be9725c70efe0a6e4352a45d3877751b395014b8eb2f79d7d8d9d", size = 343504 },
]

[[package]]
name = "formal-vector"
version = "0.1.1"
source = { editable = "../formal-vector" }

[[package]]
name = "numpy"
version = "2.1.3"
source = { registry = "https://pypi.org/simple" }
sdist = { url = "https://files.pythonhosted.org/packages/25/ca/1166b75c21abd1da445b97bf1fa2f14f423c6cfb4fc7c4ef31dccf9f6a94/numpy-2.1.3.tar.gz", hash = "sha256:aa08e04e08aaf974d4458def539dece0d28146d866a39da5639596f4921fd761", size = 20166090 }
wheels = [
    { url = "https://files.pythonhosted.org/packages/f1/80/d572a4737626372915bca41c3afbfec9d173561a39a0a61bacbbfd1dafd4/numpy-2.1.3-cp310-cp310-macosx_10_9_x86_64.whl", hash = "sha256:c894b4305373b9c5576d7a12b473702afdf48ce5369c074ba304cc5ad8730dff", size = 21152472 },
    { url = "https://files.pythonhosted.org/packages/6f/bb/7bfba10c791ae3bb6716da77ad85a82d5fac07fc96fb0023ef0571df9d20/numpy-2.1.3-cp310-cp310-macosx_11_0_arm64.whl", hash = "sha256:b47fbb433d3260adcd51eb54f92a2ffbc90a4595f8970ee00e064c644ac788f5", size = 13747967 },
    { url = "https://files.pythonhosted.org/packages/da/d6/2df7bde35f0478455f0be5934877b3e5a505f587b00230f54a519a6b55a5/numpy-2.1.3-cp310-cp310-macosx_14_0_arm64.whl", hash = "sha256:825656d0743699c529c5943554d223c021ff0494ff1442152ce887ef4f7561a1", size = 5354921 },
    { url = "https://files.pythonhosted.org/packages/d1/bb/75b945874f931494891eac6ca06a1764d0e8208791f3addadb2963b83527/numpy-2.1.3-cp310-cp310-macosx_14_0_x86_64.whl", hash = "sha256:6a4825252fcc430a182ac4dee5a505053d262c807f8a924603d411f6718b88fd", size = 6888603 },
    { url = "https://files.pythonhosted.org/packages/68/a7/fde73636f6498dbfa6d82fc336164635fe592f1ad0d13285fcb6267fdc1c/numpy-2.1.3-cp310-cp310-manylinux_2_17_aarch64.manylinux2014_aarch64.whl", hash = "sha256:e711e02f49e176a01d0349d82cb5f05ba4db7d5e7e0defd026328e5cfb3226d3", size = 13889862 },
    { url = "https://files.pythonhosted.org/packages/05/db/5d9c91b2e1e2e72be1369278f696356d44975befcae830daf2e667dcb54f/numpy-2.1.3-cp310-cp310-manylinux_2_17_x86_64.manylinux2014_x86_64.whl", hash = "sha256:78574ac2d1a4a02421f25da9559850d59457bac82f2b8d7a44fe83a64f770098", size = 16328151 },
    { url = "https://files.pythonhosted.org/packages/3e/6a/7eb732109b53ae64a29e25d7e68eb9d6611037f6354875497008a49e74d3/numpy-2.1.3-cp310-cp310-musllinux_1_1_x86_64.whl", hash = "sha256:c7662f0e3673fe4e832fe07b65c50342ea27d989f92c80355658c7f888fcc83c", size = 16704107 },
    { url = "https://files.pythonhosted.org/packages/88/cc/278113b66a1141053cbda6f80e4200c6da06b3079c2d27bda1fde41f2c1f/numpy-2.1.3-cp310-cp310-musllinux_1_2_aarch64.whl", hash = "sha256:fa2d1337dc61c8dc417fbccf20f6d1e139896a30721b7f1e832b2bb6ef4eb6c4", size = 14385789 },
    { url = "https://files.pythonhosted.org/packages/f5/69/eb20f5e1bfa07449bc67574d2f0f7c1e6b335fb41672e43861a7727d85f2/numpy-2.1.3-cp310-cp310-win32.whl", hash = "sha256:72dcc4a35a8515d83e76b58fdf8113a5c969ccd505c8a946759b24e3182d1f23", size = 6536706 },
    { url = "https://files.pythonhosted.org/packages/8e/8b/1c131ab5a94c1086c289c6e1da1d843de9dbd95fe5f5ee6e61904c9518e2/numpy-2.1.3-cp310-cp310-win_amd64.whl", hash = "sha256:ecc76a9ba2911d8d37ac01de72834d8849e55473457558e12995f4cd53e778e0", size = 12864165 },
    { url = "https://files.pythonhosted.org/packages/ad/81/c8167192eba5247593cd9d305ac236847c2912ff39e11402e72ae28a4985/numpy-2.1.3-cp311-cp311-macosx_10_9_x86_64.whl", hash = "sha256:4d1167c53b93f1f5d8a139a742b3c6f4d429b54e74e6b57d0eff40045187b15d", size = 21156252 },
    { url = "https://files.pythonhosted.org/packages/da/74/5a60003fc3d8a718d830b08b654d0eea2d2db0806bab8f3c2aca7e18e010/numpy-2.1.3-cp311-cp311-macosx_11_0_arm64.whl", hash = "sha256:c80e4a09b3d95b4e1cac08643f1152fa71a0a821a2d4277334c88d54b2219a41", size = 13784119 },
    { url = "https://files.pythonhosted.org/packages/47/7c/864cb966b96fce5e63fcf25e1e4d957fe5725a635e5f11fe03f39dd9d6b5/numpy-2.1.3-cp311-cp311-macosx_14_0_arm64.whl", hash = "sha256:576a1c1d25e9e02ed7fa5477f30a127fe56debd53b8d2c89d5578f9857d03ca9", size = 5352978 },
    { url = "https://files.pythonhosted.org/packages/09/ac/61d07930a4993dd9691a6432de16d93bbe6aa4b1c12a5e573d468eefc1ca/numpy-2.1.3-cp311-cp311-macosx_14_0_x86_64.whl", hash = "sha256:973faafebaae4c0aaa1a1ca1ce02434554d67e628b8d805e61f874b84e136b09", size = 6892570 },
    { url = "https://files.pythonhosted.org/packages/27/2f/21b94664f23af2bb52030653697c685022119e0dc93d6097c3cb45bce5f9/numpy-2.1.3-cp311-cp311-manylinux_2_17_aarch64.manylinux2014_aarch64.whl", hash = "sha256:762479be47a4863e261a840e8e01608d124ee1361e48b96916f38b119cfda04a", size = 13896715 },
    { url = "https://files.pythonhosted.org/packages/7a/f0/80811e836484262b236c684a75dfc4ba0424bc670e765afaa911468d9f39/numpy-2.1.3-cp311-cp311-manylinux_2_17_x86_64.manylinux2014_x86_64.whl", hash = "sha256:bc6f24b3d1ecc1eebfbf5d6051faa49af40b03be1aaa781ebdadcbc090b4539b", size = 16339644 },
    { url = "https://files.pythonhosted.org/packages/fa/81/ce213159a1ed8eb7d88a2a6ef4fbdb9e4ffd0c76b866c350eb4e3c37e640/numpy-2.1.3-cp311-cp311-musllinux_1_1_x86_64.whl", hash = "sha256:17ee83a1f4fef3c94d16dc1802b998668b5419362c8a4f4e8a491de1b41cc3ee", size = 16712217 },
    { url = "https://files.pythonhosted.org/packages/7d/84/4de0b87d5a72f45556b2a8ee9fc8801e8518ec867fc68260c1f5dcb3903f/numpy-2.1.3-cp311-cp311-musllinux_1_2_aarch64.whl", hash = "sha256:15cb89f39fa6d0bdfb600ea24b250e5f1a3df23f901f51c8debaa6a5d122b2f0", size = 14399053 },
    { url = "https://files.pythonhosted.org/packages/7e/1c/e5fabb9ad849f9d798b44458fd12a318d27592d4bc1448e269dec070ff04/numpy-2.1.3-cp311-cp311-win32.whl", hash = "sha256:d9beb777a78c331580705326d2367488d5bc473b49a9bc3036c154832520aca9", size = 6534741 },
    { url = "https://files.pythonhosted.org/packages/1e/48/a9a4b538e28f854bfb62e1dea3c8fea12e90216a276c7777ae5345ff29a7/numpy-2.1.3-cp311-cp311-win_amd64.whl", hash = "sha256:d89dd2b6da69c4fff5e39c28a382199ddedc3a5be5390115608345dec660b9e2", size = 12869487 },
    { url = "https://files.pythonhosted.org/packages/8a/f0/385eb9970309643cbca4fc6eebc8bb16e560de129c91258dfaa18498da8b/numpy-2.1.3-cp312-cp312-macosx_10_13_x86_64.whl", hash = "sha256:f55ba01150f52b1027829b50d70ef1dafd9821ea82905b63936668403c3b471e", size = 20849658 },
    { url = "https://files.pythonhosted.org/packages/54/4a/765b4607f0fecbb239638d610d04ec0a0ded9b4951c56dc68cef79026abf/numpy-2.1.3-cp312-cp312-macosx_11_0_arm64.whl", hash = "sha256:13138eadd4f4da03074851a698ffa7e405f41a0845a6b1ad135b81596e4e9958", size = 13492258 },
    { url = "https://files.pythonhosted.org/packages/bd/a7/2332679479c70b68dccbf4a8eb9c9b5ee383164b161bee9284ac141fbd33/numpy-2.1.3-cp312-cp312-macosx_14_0_arm64.whl", hash = "sha256:a6b46587b14b888e95e4a24d7b13ae91fa22386c199ee7b418f449032b2fa3b8", size = 5090249 },
    { url = "https://files.pythonhosted.org/packages/c1/67/4aa00316b3b981a822c7a239d3a8135be2a6945d1fd11d0efb25d361711a/numpy-2.1.3-cp312-cp312-macosx_14_0_x86_64.whl", hash = "sha256:0fa14563cc46422e99daef53d725d0c326e99e468a9320a240affffe87852564", size = 6621704 },
    { url = "https://files.pythonhosted.org/packages/5e/da/1a429ae58b3b6c364eeec93bf044c532f2ff7b48a52e41050896cf15d5b1/numpy-2.1.3-cp312-cp312-manylinux_2_17_aarch64.manylinux2014_aarch64.whl", hash = "sha256:8637dcd2caa676e475503d1f8fdb327bc495554e10838019651b76d17b98e512", size = 13606089 },
    { url = "https://files.pythonhosted.org/packages/9e/3e/3757f304c704f2f0294a6b8340fcf2be244038be07da4cccf390fa678a9f/numpy-2.1.3-cp312-cp312-manylinux_2_17_x86_64.manylinux2014_x86_64.whl", hash = "sha256:2312b2aa89e1f43ecea6da6ea9a810d06aae08321609d8dc0d0eda6d946a541b", size = 16043185 },
    { url = "https://files.pythonhosted.org/packages/43/97/75329c28fea3113d00c8d2daf9bc5828d58d78ed661d8e05e234f86f0f6d/numpy-2.1.3-cp312-cp312-musllinux_1_1_x86_64.whl", hash = "sha256:a38c19106902bb19351b83802531fea19dee18e5b37b36454f27f11ff956f7fc", size = 16410751 },
    { url = "https://files.pythonhosted.org/packages/ad/7a/442965e98b34e0ae9da319f075b387bcb9a1e0658276cc63adb8c9686f7b/numpy-2.1.3-cp312-cp312-musllinux_1_2_aarch64.whl", hash = "sha256:02135ade8b8a84011cbb67dc44e07c58f28575cf9ecf8ab304e51c05528c19f0", size = 14082705 },
    { url = "https://files.pythonhosted.org/packages/ac/b6/26108cf2cfa5c7e03fb969b595c93131eab4a399762b51ce9ebec2332e80/numpy-2.1.3-cp312-cp312-win32.whl", hash = "sha256:e6988e90fcf617da2b5c78902fe8e668361b43b4fe26dbf2d7b0f8034d4cafb9", size = 6239077 },
    { url = "https://files.pythonhosted.org/packages/a6/84/fa11dad3404b7634aaab50733581ce11e5350383311ea7a7010f464c0170/numpy-2.1.3-cp312-cp312-win_amd64.whl", hash = "sha256:0d30c543f02e84e92c4b1f415b7c6b5326cbe45ee7882b6b77db7195fb971e3a", size = 12566858 },
    { url = "https://files.pythonhosted.org/packages/4d/0b/620591441457e25f3404c8057eb924d04f161244cb8a3680d529419aa86e/numpy-2.1.3-cp313-cp313-macosx_10_13_x86_64.whl", hash = "sha256:96fe52fcdb9345b7cd82ecd34547fca4321f7656d500eca497eb7ea5a926692f", size = 20836263 },
    { url = "https://files.pythonhosted.org/packages/45/e1/210b2d8b31ce9119145433e6ea78046e30771de3fe353f313b2778142f34/numpy-2.1.3-cp313-cp313-macosx_11_0_arm64.whl", hash = "sha256:f653490b33e9c3a4c1c01d41bc2aef08f9475af51146e4a7710c450cf9761598", size = 13507771 },
    { url = "https://files.pythonhosted.org/packages/55/44/aa9ee3caee02fa5a45f2c3b95cafe59c44e4b278fbbf895a93e88b308555/numpy-2.1.3-cp313-cp313-macosx_14_0_arm64.whl", hash = "sha256:dc258a761a16daa791081d026f0ed4399b582712e6fc887a95af09df10c5ca57", size = 5075805 },
    { url = "https://files.pythonhosted.org/packages/78/d6/61de6e7e31915ba4d87bbe1ae859e83e6582ea14c6add07c8f7eefd8488f/numpy-2.1.3-cp313-cp313-macosx_14_0_x86_64.whl", hash = "sha256:016d0f6f5e77b0f0d45d77387ffa4bb89816b57c835580c3ce8e099ef830befe", size = 6608380 },
    { url = "https://files.pythonhosted.org/packages/3e/46/48bdf9b7241e317e6cf94276fe11ba673c06d1fdf115d8b4ebf616affd1a/numpy-2.1.3-cp313-cp313-manylinux_2_17_aarch64.manylinux2014_aarch64.whl", hash = "sha256:c181ba05ce8299c7aa3125c27b9c2167bca4a4445b7ce73d5febc411ca692e43", size = 13602451 },
    { url = "https://files.pythonhosted.org/packages/70/50/73f9a5aa0810cdccda9c1d20be3cbe4a4d6ea6bfd6931464a44c95eef731/numpy-2.1.3-cp313-cp313-manylinux_2_17_x86_64.manylinux2014_x86_64.whl", hash = "sha256:5641516794ca9e5f8a4d17bb45446998c6554704d888f86df9b200e66bdcce56", size = 16039822 },
    { url = "https://files.pythonhosted.org/packages/ad/cd/098bc1d5a5bc5307cfc65ee9369d0ca658ed88fbd7307b0d49fab6ca5fa5/numpy-2.1.3-cp313-cp313-musllinux_1_1_x86_64.whl", hash = "sha256:ea4dedd6e394a9c180b33c2c872b92f7ce0f8e7ad93e9585312b0c5a04777a4a", size = 16411822 },
    { url = "https://files.pythonhosted.org/packages/83/a2/7d4467a2a6d984549053b37945620209e702cf96a8bc658bc04bba13c9e2/numpy-2.1.3-cp313-cp313-musllinux_1_2_aarch64.whl", hash = "sha256:b0df3635b9c8ef48bd3be5f862cf71b0a4716fa0e702155c45067c6b711ddcef", size = 14079598 },
    { url = "https://files.pythonhosted.org/packages/e9/6a/d64514dcecb2ee70bfdfad10c42b76cab657e7ee31944ff7a600f141d9e9/numpy-2.1.3-cp313-cp313-win32.whl", hash = "sha256:50ca6aba6e163363f132b5c101ba078b8cbd3fa92c7865fd7d4d62d9779ac29f", size = 6236021 },
    { url = "https://files.pythonhosted.org/packages/bb/f9/12297ed8d8301a401e7d8eb6b418d32547f1d700ed3c038d325a605421a4/numpy-2.1.3-cp313-cp313-win_amd64.whl", hash = "sha256:747641635d3d44bcb380d950679462fae44f54b131be347d5ec2bce47d3df9ed", size = 12560405 },
    { url = "https://files.pythonhosted.org/packages/a7/45/7f9244cd792e163b334e3a7f02dff1239d2890b6f37ebf9e82cbe17debc0/numpy-2.1.3-cp313-cp313t-macosx_10_13_x86_64.whl", hash = "sha256:996bb9399059c5b82f76b53ff8bb686069c05acc94656bb259b1d63d04a9506f", size = 20859062 },
    { url = "https://files.pythonhosted.org/packages/b1/b4/a084218e7e92b506d634105b13e27a3a6645312b93e1c699cc9025adb0e1/numpy-2.1.3-cp313-cp313t-macosx_11_0_arm64.whl", hash = "sha256:45966d859916ad02b779706bb43b954281db43e185015df6eb3323120188f9e4", size = 13515839 },
    { url = "https://files.pythonhosted.org/packages/27/45/58ed3f88028dcf80e6ea580311dc3edefdd94248f5770deb980500ef85dd/numpy-2.1.3-cp313-cp313t-macosx_14_0_arm64.whl", hash = "sha256:baed7e8d7481bfe0874b566850cb0b85243e982388b7b23348c6db2ee2b2ae8e", size = 5116031 },
    { url = "https://files.pythonhosted.org/packages/37/a8/eb689432eb977d83229094b58b0f53249d2209742f7de529c49d61a124a0/numpy-2.1.3-cp313-cp313t-macosx_14_0_x86_64.whl", hash = "sha256:a9f7f672a3388133335589cfca93ed468509cb7b93ba3105fce780d04a6576a0", size = 6629977 },
    { url = "https://files.pythonhosted.org/packages/42/a3/5355ad51ac73c23334c7caaed01adadfda49544f646fcbfbb4331deb267b/numpy-2.1.3-cp313-cp313t-manylinux_2_17_aarch64.manylinux2014_aarch64.whl", hash = "sha256:d7aac50327da5d208db2eec22eb11e491e3fe13d22653dce51b0f4109101b408", size = 13575951 },
    { url = "https://files.pythonhosted.org/packages/c4/70/ea9646d203104e647988cb7d7279f135257a6b7e3354ea6c56f8bafdb095/numpy-2.1.3-cp313-cp313t-manylinux_2_17_x86_64.manylinux2014_x86_64.whl", hash = "sha256:4394bc0dbd074b7f9b52024832d16e019decebf86caf909d94f6b3f77a8ee3b6", size = 16022655 },
    { url = "https://files.pythonhosted.org/packages/14/ce/7fc0612903e91ff9d0b3f2eda4e18ef9904814afcae5b0f08edb7f637883/numpy-2.1.3-cp313-cp313t-musllinux_1_1_x86_64.whl", hash = "sha256:50d18c4358a0a8a53f12a8ba9d772ab2d460321e6a93d6064fc22443d189853f", size = 16399902 },
    { url = "https://files.pythonhosted.org/packages/ef/62/1d3204313357591c913c32132a28f09a26357e33ea3c4e2fe81269e0dca1/numpy-2.1.3-cp313-cp313t-musllinux_1_2_aarch64.whl", hash = "sha256:14e253bd43fc6b37af4921b10f6add6925878a42a0c5fe83daee390bca80bc17", size = 14067180 },
    { url = "https://files.pythonhosted.org/packages/24/d7/78a40ed1d80e23a774cb8a34ae8a9493ba1b4271dde96e56ccdbab1620ef/numpy-2.1.3-cp313-cp313t-win32.whl", hash = "sha256:08788d27a5fd867a663f6fc753fd7c3ad7e92747efc73c53bca2f19f8bc06f48", size = 6291907 },
    { url = "https://files.pythonhosted.org/packages/86/09/a5ab407bd7f5f5599e6a9261f964ace03a73e7c6928de906981c31c38082/numpy-2.1.3-cp313-cp313t-win_amd64.whl", hash = "sha256:2564fbdf2b99b3f815f2107c1bbc93e2de8ee655a69c261363a1172a79a257d4", size = 12644098 },
    { url = "https://files.pythonhosted.org/packages/00/e7/8d8bb791b62586cc432ecbb70632b4f23b7b7c88df41878de7528264f6d7/numpy-2.1.3-pp310-pypy310_pp73-macosx_10_15_x86_64.whl", hash = "sha256:4f2015dfe437dfebbfce7c85c7b53d81ba49e71ba7eadbf1df40c915af75979f", size = 20983893 },
    { url = "https://files.pythonhosted.org/packages/5e/f3/cb8118a044b5007586245a650360c9f5915b2f4232dd7658bb7a63dd1d02/numpy-2.1.3-pp310-pypy310_pp73-macosx_14_0_x86_64.whl", hash = "sha256:3522b0dfe983a575e6a9ab3a4a4dfe156c3e428468ff08ce582b9bb6bd1d71d4", size = 6752501 },
    { url = "https://files.pythonhosted.org/packages/53/f5/365b46439b518d2ec6ebb880cc0edf90f225145dfd4db7958334f7164530/numpy-2.1.3-pp310-pypy310_pp73-manylinux_2_17_x86_64.manylinux2014_x86_64.whl", hash = "sha256:c006b607a865b07cd981ccb218a04fc86b600411d83d6fc261357f1c0966755d", size = 16142601 },
    { url = "https://files.pythonhosted.org/packages/03/c2/d1fee6ba999aa7cd41ca6856937f2baaf604c3eec1565eae63451ec31e5e/numpy-2.1.3-pp310-pypy310_pp73-win_amd64.whl", hash = "sha256:e14e26956e6f1696070788252dcdff11b4aca4c3e8bd166e0df1bb8f315a67cb", size = 12771397 },
]

[[package]]
name = "scipy"
version = "1.14.1"
source = { registry = "https://pypi.org/simple" }
dependencies = [
    { name = "numpy" },
]
sdist = { url = "https://files.pythonhosted.org/packages/62/11/4d44a1f274e002784e4dbdb81e0ea96d2de2d1045b2132d5af62cc31fd28/scipy-1.14.1.tar.gz", hash = "sha256:5a275584e726026a5699459aa72f828a610821006228e841b94275c4a7c08417", size = 58620554 }
wheels = [
    { url = "https://files.pythonhosted.org/packages/64/68/3bc0cfaf64ff507d82b1e5d5b64521df4c8bf7e22bc0b897827cbee9872c/scipy-1.14.1-cp310-cp310-macosx_10_13_x86_64.whl", hash = "sha256:b28d2ca4add7ac16ae8bb6632a3c86e4b9e4d52d3e34267f6e1b0c1f8d87e389", size = 39069598 },
    { url = "https://files.pythonhosted.org/packages/43/a5/8d02f9c372790326ad405d94f04d4339482ec082455b9e6e288f7100513b/scipy-1.14.1-cp310-cp310-macosx_12_0_arm64.whl", hash = "sha256:d0d2821003174de06b69e58cef2316a6622b60ee613121199cb2852a873f8cf3", size = 29879676 },
    { url = "https://files.pythonhosted.org/packages/07/42/0e0bea9666fcbf2cb6ea0205db42c81b1f34d7b729ba251010edf9c80ebd/scipy-1.14.1-cp310-cp310-macosx_14_0_arm64.whl", hash = "sha256:8bddf15838ba768bb5f5083c1ea012d64c9a444e16192762bd858f1e126196d0", size = 23088696 },
    { url = "https://files.pythonhosted.org/packages/15/47/298ab6fef5ebf31b426560e978b8b8548421d4ed0bf99263e1eb44532306/scipy-1.14.1-cp310-cp310-macosx_14_0_x86_64.whl", hash = "sha256:97c5dddd5932bd2a1a31c927ba5e1463a53b87ca96b5c9bdf5dfd6096e27efc3", size = 25470699 },
    { url = "https://files.pythonhosted.org/packages/d8/df/cdb6be5274bc694c4c22862ac3438cb04f360ed9df0aecee02ce0b798380/scipy-1.14.1-cp310-cp310-manylinux_2_17_aarch64.manylinux2014_aarch64.whl", hash = "sha256:2ff0a7e01e422c15739ecd64432743cf7aae2b03f3084288f399affcefe5222d", size = 35606631 },
    { url = "https://files.pythonhosted.org/packages/47/78/b0c2c23880dd1e99e938ad49ccfb011ae353758a2dc5ed7ee59baff684c3/scipy-1.14.1-cp310-cp310-manylinux_2_17_x86_64.manylinux2014_x86_64.whl", hash = "sha256:8e32dced201274bf96899e6491d9ba3e9a5f6b336708656466ad0522d8528f69", size = 41178528 },
    { url = "https://files.pythonhosted.org/packages/5d/aa/994b45c34b897637b853ec04334afa55a85650a0d11dacfa67232260fb0a/scipy-1.14.1-cp310-cp310-musllinux_1_2_x86_64.whl", hash = "sha256:8426251ad1e4ad903a4514712d2fa8fdd5382c978010d1c6f5f37ef286a713ad", size = 42784535 },
    { url = "https://files.pythonhosted.org/packages/e7/1c/8daa6df17a945cb1a2a1e3bae3c49643f7b3b94017ff01a4787064f03f84/scipy-1.14.1-cp310-cp310-win_amd64.whl", hash = "sha256:a49f6ed96f83966f576b33a44257d869756df6cf1ef4934f59dd58b25e0327e5", size = 44772117 },
    { url = "https://files.pythonhosted.org/packages/b2/ab/070ccfabe870d9f105b04aee1e2860520460ef7ca0213172abfe871463b9/scipy-1.14.1-cp311-cp311-macosx_10_13_x86_64.whl", hash = "sha256:2da0469a4ef0ecd3693761acbdc20f2fdeafb69e6819cc081308cc978153c675", size = 39076999 },
    { url = "https://files.pythonhosted.org/packages/a7/c5/02ac82f9bb8f70818099df7e86c3ad28dae64e1347b421d8e3adf26acab6/scipy-1.14.1-cp311-cp311-macosx_12_0_arm64.whl", hash = "sha256:c0ee987efa6737242745f347835da2cc5bb9f1b42996a4d97d5c7ff7928cb6f2", size = 29894570 },
    { url = "https://files.pythonhosted.org/packages/ed/05/7f03e680cc5249c4f96c9e4e845acde08eb1aee5bc216eff8a089baa4ddb/scipy-1.14.1-cp311-cp311-macosx_14_0_arm64.whl", hash = "sha256:3a1b111fac6baec1c1d92f27e76511c9e7218f1695d61b59e05e0fe04dc59617", size = 23103567 },
    { url = "https://files.pythonhosted.org/packages/5e/fc/9f1413bef53171f379d786aabc104d4abeea48ee84c553a3e3d8c9f96a9c/scipy-1.14.1-cp311-cp311-macosx_14_0_x86_64.whl", hash = "sha256:8475230e55549ab3f207bff11ebfc91c805dc3463ef62eda3ccf593254524ce8", size = 25499102 },
    { url = "https://files.pythonhosted.org/packages/c2/4b/b44bee3c2ddc316b0159b3d87a3d467ef8d7edfd525e6f7364a62cd87d90/scipy-1.14.1-cp311-cp311-manylinux_2_17_aarch64.manylinux2014_aarch64.whl", hash = "sha256:278266012eb69f4a720827bdd2dc54b2271c97d84255b2faaa8f161a158c3b37", size = 35586346 },
    { url = "https://files.pythonhosted.org/packages/93/6b/701776d4bd6bdd9b629c387b5140f006185bd8ddea16788a44434376b98f/scipy-1.14.1-cp311-cp311-manylinux_2_17_x86_64.manylinux2014_x86_64.whl", hash = "sha256:fef8c87f8abfb884dac04e97824b61299880c43f4ce675dd2cbeadd3c9b466d2", size = 41165244 },
    { url = "https://files.pythonhosted.org/packages/06/57/e6aa6f55729a8f245d8a6984f2855696c5992113a5dc789065020f8be753/scipy-1.14.1-cp311-cp311-musllinux_1_2_x86_64.whl", hash = "sha256:b05d43735bb2f07d689f56f7b474788a13ed8adc484a85aa65c0fd931cf9ccd2", size = 42817917 },
    { url = "https://files.pythonhosted.org/packages/ea/c2/5ecadc5fcccefaece775feadcd795060adf5c3b29a883bff0e678cfe89af/scipy-1.14.1-cp311-cp311-win_amd64.whl", hash = "sha256:716e389b694c4bb564b4fc0c51bc84d381735e0d39d3f26ec1af2556ec6aad94", size = 44781033 },
    { url = "https://files.pythonhosted.org/packages/c0/04/2bdacc8ac6387b15db6faa40295f8bd25eccf33f1f13e68a72dc3c60a99e/scipy-1.14.1-cp312-cp312-macosx_10_13_x86_64.whl", hash = "sha256:631f07b3734d34aced009aaf6fedfd0eb3498a97e581c3b1e5f14a04164a456d", size = 39128781 },
    { url = "https://files.pythonhosted.org/packages/c8/53/35b4d41f5fd42f5781dbd0dd6c05d35ba8aa75c84ecddc7d44756cd8da2e/scipy-1.14.1-cp312-cp312-macosx_12_0_arm64.whl", hash = "sha256:af29a935803cc707ab2ed7791c44288a682f9c8107bc00f0eccc4f92c08d6e07", size = 29939542 },
    { url = "https://files.pythonhosted.org/packages/66/67/6ef192e0e4d77b20cc33a01e743b00bc9e68fb83b88e06e636d2619a8767/scipy-1.14.1-cp312-cp312-macosx_14_0_arm64.whl", hash = "sha256:2843f2d527d9eebec9a43e6b406fb7266f3af25a751aa91d62ff416f54170bc5", size = 23148375 },
    { url = "https://files.pythonhosted.org/packages/f6/32/3a6dedd51d68eb7b8e7dc7947d5d841bcb699f1bf4463639554986f4d782/scipy-1.14.1-cp312-cp312-macosx_14_0_x86_64.whl", hash = "sha256:eb58ca0abd96911932f688528977858681a59d61a7ce908ffd355957f7025cfc", size = 25578573 },
    { url = "https://files.pythonhosted.org/packages/f0/5a/efa92a58dc3a2898705f1dc9dbaf390ca7d4fba26d6ab8cfffb0c72f656f/scipy-1.14.1-cp312-cp312-manylinux_2_17_aarch64.manylinux2014_aarch64.whl", hash = "sha256:30ac8812c1d2aab7131a79ba62933a2a76f582d5dbbc695192453dae67ad6310", size = 35319299 },
    { url = "https://files.pythonhosted.org/packages/8e/ee/8a26858ca517e9c64f84b4c7734b89bda8e63bec85c3d2f432d225bb1886/scipy-1.14.1-cp312-cp312-manylinux_2_17_x86_64.manylinux2014_x86_64.whl", hash = "sha256:8f9ea80f2e65bdaa0b7627fb00cbeb2daf163caa015e59b7516395fe3bd1e066", size = 40849331 },
    { url = "https://files.pythonhosted.org/packages/a5/cd/06f72bc9187840f1c99e1a8750aad4216fc7dfdd7df46e6280add14b4822/scipy-1.14.1-cp312-cp312-musllinux_1_2_x86_64.whl", hash = "sha256:edaf02b82cd7639db00dbff629995ef185c8df4c3ffa71a5562a595765a06ce1", size = 42544049 },
    { url = "https://files.pythonhosted.org/packages/aa/7d/43ab67228ef98c6b5dd42ab386eae2d7877036970a0d7e3dd3eb47a0d530/scipy-1.14.1-cp312-cp312-win_amd64.whl", hash = "sha256:2ff38e22128e6c03ff73b6bb0f85f897d2362f8c052e3b8ad00532198fbdae3f", size = 44521212 },
    { url = "https://files.pythonhosted.org/packages/50/ef/ac98346db016ff18a6ad7626a35808f37074d25796fd0234c2bb0ed1e054/scipy-1.14.1-cp313-cp313-macosx_10_13_x86_64.whl", hash = "sha256:1729560c906963fc8389f6aac023739ff3983e727b1a4d87696b7bf108316a79", size = 39091068 },
    { url = "https://files.pythonhosted.org/packages/b9/cc/70948fe9f393b911b4251e96b55bbdeaa8cca41f37c26fd1df0232933b9e/scipy-1.14.1-cp313-cp313-macosx_12_0_arm64.whl", hash = "sha256:4079b90df244709e675cdc8b93bfd8a395d59af40b72e339c2287c91860deb8e", size = 29875417 },
    { url = "https://files.pythonhosted.org/packages/3b/2e/35f549b7d231c1c9f9639f9ef49b815d816bf54dd050da5da1c11517a218/scipy-1.14.1-cp313-cp313-macosx_14_0_arm64.whl", hash = "sha256:e0cf28db0f24a38b2a0ca33a85a54852586e43cf6fd876365c86e0657cfe7d73", size = 23084508 },
    { url = "https://files.pythonhosted.org/packages/3f/d6/b028e3f3e59fae61fb8c0f450db732c43dd1d836223a589a8be9f6377203/scipy-1.14.1-cp313-cp313-macosx_14_0_x86_64.whl", hash = "sha256:0c2f95de3b04e26f5f3ad5bb05e74ba7f68b837133a4492414b3afd79dfe540e", size = 25503364 },
    { url = "https://files.pythonhosted.org/packages/a7/2f/6c142b352ac15967744d62b165537a965e95d557085db4beab2a11f7943b/scipy-1.14.1-cp313-cp313-manylinux_2_17_aarch64.manylinux2014_aarch64.whl", hash = "sha256:b99722ea48b7ea25e8e015e8341ae74624f72e5f21fc2abd45f3a93266de4c5d", size = 35292639 },
    { url = "https://files.pythonhosted.org/packages/56/46/2449e6e51e0d7c3575f289f6acb7f828938eaab8874dbccfeb0cd2b71a27/scipy-1.14.1-cp313-cp313-manylinux_2_17_x86_64.manylinux2014_x86_64.whl", hash = "sha256:5149e3fd2d686e42144a093b206aef01932a0059c2a33ddfa67f5f035bdfe13e", size = 40798288 },
    { url = "https://files.pythonhosted.org/packages/32/cd/9d86f7ed7f4497c9fd3e39f8918dd93d9f647ba80d7e34e4946c0c2d1a7c/scipy-1.14.1-cp313-cp313-musllinux_1_2_x86_64.whl", hash = "sha256:e4f5a7c49323533f9103d4dacf4e4f07078f360743dec7f7596949149efeec06", size = 42524647 },
    { url = "https://files.pythonhosted.org/packages/f5/1b/6ee032251bf4cdb0cc50059374e86a9f076308c1512b61c4e003e241efb7/scipy-1.14.1-cp313-cp313-win_amd64.whl", hash = "sha256:baff393942b550823bfce952bb62270ee17504d02a1801d7fd0719534dfb9c84", size = 44469524 },
]

[[package]]
name = "toolz"
version = "1.0.0"
source = { registry = "https://pypi.org/simple" }
sdist = { url = "https://files.pythonhosted.org/packages/8a/0b/d80dfa675bf592f636d1ea0b835eab4ec8df6e9415d8cfd766df54456123/toolz-1.0.0.tar.gz", hash = "sha256:2c86e3d9a04798ac556793bced838816296a2f085017664e4995cb40a1047a02", size = 66790 }
wheels = [
    { url = "https://files.pythonhosted.org/packages/03/98/eb27cc78ad3af8e302c9d8ff4977f5026676e130d28dd7578132a457170c/toolz-1.0.0-py3-none-any.whl", hash = "sha256:292c8f1c4e7516bf9086f8850935c799a874039c8bcf959d47b600e4c44a6236", size = 56383 },
]
